
Microsoft Visual Studio Solution File, Format Version 12.00
# Visual Studio Version 16
VisualStudioVersion = 16.0.31105.61
MinimumVisualStudioVersion = 10.0.40219.1
Project("{FAE04EC0-301F-11D3-BF4B-00C04F79EFBC}") = "16. Funções MultiRetorno", "16. Funções MultiRetorno.csproj", "{1D22CF76-3E01-4C0A-84D2-D699DA4CA94C}"
EndProject
Global
	GlobalSection(SolutionConfigurationPlatforms) = preSolution
		Debug|Any CPU = Debug|Any CPU
		Release|Any CPU = Release|Any CPU
	EndGlobalSection
	GlobalSection(ProjectConfigurationPlatforms) = postSolution
		{1D22CF76-3E01-4C0A-84D2-D699DA4CA94C}.Debug|Any CPU.ActiveCfg = Debug|Any CPU
		{1D22CF76-3E01-4C0A-84D2-D699DA4CA94C}.Debug|Any CPU.Build.0 = Debug|Any CPU
		{1D22CF76-3E01-4C0A-84D2-D699DA4CA94C}.Release|Any CPU.ActiveCfg = Release|Any CPU
		{1D22CF76-3E01-4C0A-84D2-D699DA4CA94C}.Release|Any CPU.Build.0 = Release|Any CPU
	EndGlobalSection
	GlobalSection(SolutionProperties) = preSolution
		HideSolutionNode = FALSE
	EndGlobalSection
	GlobalSection(ExtensibilityGlobals) = postSolution
		SolutionGuid = {30332863-2B67-4B38-92A4-89E666AD10C4}
	EndGlobalSection
EndGlobal
