
Microsoft Visual Studio Solution File, Format Version 12.00
# Visual Studio Version 16
VisualStudioVersion = 16.0.31105.61
MinimumVisualStudioVersion = 10.0.40219.1
Project("{FAE04EC0-301F-11D3-BF4B-00C04F79EFBC}") = "Funções", "Funções.csproj", "{EA2033D6-C446-43C4-A5B7-3816AF10F112}"
EndProject
Global
	GlobalSection(SolutionConfigurationPlatforms) = preSolution
		Debug|Any CPU = Debug|Any CPU
		Release|Any CPU = Release|Any CPU
	EndGlobalSection
	GlobalSection(ProjectConfigurationPlatforms) = postSolution
		{EA2033D6-C446-43C4-A5B7-3816AF10F112}.Debug|Any CPU.ActiveCfg = Debug|Any CPU
		{EA2033D6-C446-43C4-A5B7-3816AF10F112}.Debug|Any CPU.Build.0 = Debug|Any CPU
		{EA2033D6-C446-43C4-A5B7-3816AF10F112}.Release|Any CPU.ActiveCfg = Release|Any CPU
		{EA2033D6-C446-43C4-A5B7-3816AF10F112}.Release|Any CPU.Build.0 = Release|Any CPU
	EndGlobalSection
	GlobalSection(SolutionProperties) = preSolution
		HideSolutionNode = FALSE
	EndGlobalSection
	GlobalSection(ExtensibilityGlobals) = postSolution
		SolutionGuid = {538BCA7A-D3EB-4ED3-A8DF-311F98C179ED}
	EndGlobalSection
EndGlobal
