
Microsoft Visual Studio Solution File, Format Version 12.00
# Visual Studio Version 16
VisualStudioVersion = 16.0.31424.327
MinimumVisualStudioVersion = 10.0.40219.1
Project("{FAE04EC0-301F-11D3-BF4B-00C04F79EFBC}") = "WindowsForms - Exec02", "WindowsForms - Exec02.csproj", "{AF8DD623-2F60-437A-8A0D-4E02B9307BFD}"
EndProject
Global
	GlobalSection(SolutionConfigurationPlatforms) = preSolution
		Debug|Any CPU = Debug|Any CPU
		Release|Any CPU = Release|Any CPU
	EndGlobalSection
	GlobalSection(ProjectConfigurationPlatforms) = postSolution
		{AF8DD623-2F60-437A-8A0D-4E02B9307BFD}.Debug|Any CPU.ActiveCfg = Debug|Any CPU
		{AF8DD623-2F60-437A-8A0D-4E02B9307BFD}.Debug|Any CPU.Build.0 = Debug|Any CPU
		{AF8DD623-2F60-437A-8A0D-4E02B9307BFD}.Release|Any CPU.ActiveCfg = Release|Any CPU
		{AF8DD623-2F60-437A-8A0D-4E02B9307BFD}.Release|Any CPU.Build.0 = Release|Any CPU
	EndGlobalSection
	GlobalSection(SolutionProperties) = preSolution
		HideSolutionNode = FALSE
	EndGlobalSection
	GlobalSection(ExtensibilityGlobals) = postSolution
		SolutionGuid = {F7AEC58C-4D19-4645-9464-49FD07693AC4}
	EndGlobalSection
EndGlobal
