
Microsoft Visual Studio Solution File, Format Version 12.00
# Visual Studio Version 16
VisualStudioVersion = 16.0.31025.194
MinimumVisualStudioVersion = 10.0.40219.1
Project("{FAE04EC0-301F-11D3-BF4B-00C04F79EFBC}") = "10. Enum e Lambda", "10. Enum e Lambda.csproj", "{908DACA4-BA39-462D-A0C2-35B700D9D631}"
EndProject
Global
	GlobalSection(SolutionConfigurationPlatforms) = preSolution
		Debug|Any CPU = Debug|Any CPU
		Release|Any CPU = Release|Any CPU
	EndGlobalSection
	GlobalSection(ProjectConfigurationPlatforms) = postSolution
		{908DACA4-BA39-462D-A0C2-35B700D9D631}.Debug|Any CPU.ActiveCfg = Debug|Any CPU
		{908DACA4-BA39-462D-A0C2-35B700D9D631}.Debug|Any CPU.Build.0 = Debug|Any CPU
		{908DACA4-BA39-462D-A0C2-35B700D9D631}.Release|Any CPU.ActiveCfg = Release|Any CPU
		{908DACA4-BA39-462D-A0C2-35B700D9D631}.Release|Any CPU.Build.0 = Release|Any CPU
	EndGlobalSection
	GlobalSection(SolutionProperties) = preSolution
		HideSolutionNode = FALSE
	EndGlobalSection
	GlobalSection(ExtensibilityGlobals) = postSolution
		SolutionGuid = {579FCDFB-B63B-4C86-B5AA-B43A841D3BF2}
	EndGlobalSection
EndGlobal
