
Microsoft Visual Studio Solution File, Format Version 12.00
# Visual Studio Version 16
VisualStudioVersion = 16.0.31025.194
MinimumVisualStudioVersion = 10.0.40219.1
Project("{FAE04EC0-301F-11D3-BF4B-00C04F79EFBC}") = "8.4 OO pt 5", "8.4 OO pt 5.csproj", "{CE0A9477-1EFC-4823-A4DF-20195F082612}"
EndProject
Global
	GlobalSection(SolutionConfigurationPlatforms) = preSolution
		Debug|Any CPU = Debug|Any CPU
		Release|Any CPU = Release|Any CPU
	EndGlobalSection
	GlobalSection(ProjectConfigurationPlatforms) = postSolution
		{CE0A9477-1EFC-4823-A4DF-20195F082612}.Debug|Any CPU.ActiveCfg = Debug|Any CPU
		{CE0A9477-1EFC-4823-A4DF-20195F082612}.Debug|Any CPU.Build.0 = Debug|Any CPU
		{CE0A9477-1EFC-4823-A4DF-20195F082612}.Release|Any CPU.ActiveCfg = Release|Any CPU
		{CE0A9477-1EFC-4823-A4DF-20195F082612}.Release|Any CPU.Build.0 = Release|Any CPU
	EndGlobalSection
	GlobalSection(SolutionProperties) = preSolution
		HideSolutionNode = FALSE
	EndGlobalSection
	GlobalSection(ExtensibilityGlobals) = postSolution
		SolutionGuid = {9E4DF705-1634-4603-B82B-F92F34EB1D4C}
	EndGlobalSection
EndGlobal
