
Microsoft Visual Studio Solution File, Format Version 12.00
# Visual Studio Version 16
VisualStudioVersion = 16.0.31025.194
MinimumVisualStudioVersion = 10.0.40219.1
Project("{FAE04EC0-301F-11D3-BF4B-00C04F79EFBC}") = "9. Interfaces", "9. Interfaces.csproj", "{FAC021FC-D4FD-4B2A-9EA4-4404B16C0FC5}"
EndProject
Global
	GlobalSection(SolutionConfigurationPlatforms) = preSolution
		Debug|Any CPU = Debug|Any CPU
		Release|Any CPU = Release|Any CPU
	EndGlobalSection
	GlobalSection(ProjectConfigurationPlatforms) = postSolution
		{FAC021FC-D4FD-4B2A-9EA4-4404B16C0FC5}.Debug|Any CPU.ActiveCfg = Debug|Any CPU
		{FAC021FC-D4FD-4B2A-9EA4-4404B16C0FC5}.Debug|Any CPU.Build.0 = Debug|Any CPU
		{FAC021FC-D4FD-4B2A-9EA4-4404B16C0FC5}.Release|Any CPU.ActiveCfg = Release|Any CPU
		{FAC021FC-D4FD-4B2A-9EA4-4404B16C0FC5}.Release|Any CPU.Build.0 = Release|Any CPU
	EndGlobalSection
	GlobalSection(SolutionProperties) = preSolution
		HideSolutionNode = FALSE
	EndGlobalSection
	GlobalSection(ExtensibilityGlobals) = postSolution
		SolutionGuid = {AF238226-3B7A-4E47-A56E-AAAC51205BB1}
	EndGlobalSection
EndGlobal
